
Microsoft Visual Studio Solution File, Format Version 12.00
# Visual Studio Version 17
VisualStudioVersion = 17.12.35521.163
MinimumVisualStudioVersion = 10.0.40219.1
Project("{FAE04EC0-301F-11D3-BF4B-00C04F79EFBC}") = "OES123", "OES\OES123.csproj", "{E987397A-C4EE-4B83-AAF9-F28CDBFACD91}"
EndProject
Global
	GlobalSection(SolutionConfigurationPlatforms) = preSolution
		Debug|Any CPU = Debug|Any CPU
		Release|Any CPU = Release|Any CPU
	EndGlobalSection
	GlobalSection(ProjectConfigurationPlatforms) = postSolution
		{E987397A-C4EE-4B83-AAF9-F28CDBFACD91}.Debug|Any CPU.ActiveCfg = Debug|Any CPU
		{E987397A-C4EE-4B83-AAF9-F28CDBFACD91}.Debug|Any CPU.Build.0 = Debug|Any CPU
		{E987397A-C4EE-4B83-AAF9-F28CDBFACD91}.Release|Any CPU.ActiveCfg = Release|Any CPU
		{E987397A-C4EE-4B83-AAF9-F28CDBFACD91}.Release|Any CPU.Build.0 = Release|Any CPU
	EndGlobalSection
	GlobalSection(SolutionProperties) = preSolution
		HideSolutionNode = FALSE
	EndGlobalSection
EndGlobal
